
Microsoft Visual Studio Solution File, Format Version 12.00
# Visual Studio 2013
VisualStudioVersion = 12.0.30110.0
MinimumVisualStudioVersion = 10.0.40219.1
Project("{FAE04EC0-301F-11D3-BF4B-00C04F79EFBC}") = "max.web", "src\max.web\max.web.csproj", "{2309F75E-4748-4F6F-A7AA-A23A8CE67A07}"
EndProject
Project("{FAE04EC0-301F-11D3-BF4B-00C04F79EFBC}") = "max.web.specs", "src\max.web.specs\max.web.specs.csproj", "{19E852E0-5597-4679-B3C6-A5EB7A7B2623}"
EndProject
Project("{FAE04EC0-301F-11D3-BF4B-00C04F79EFBC}") = "max.web.sample", "src\max.web.sample\max.web.sample.csproj", "{7F12808F-5551-4FFB-8294-F9C450922804}"
EndProject
Global
	GlobalSection(SolutionConfigurationPlatforms) = preSolution
		Debug|Any CPU = Debug|Any CPU
		Release|Any CPU = Release|Any CPU
	EndGlobalSection
	GlobalSection(ProjectConfigurationPlatforms) = postSolution
		{2309F75E-4748-4F6F-A7AA-A23A8CE67A07}.Debug|Any CPU.ActiveCfg = Debug|Any CPU
		{2309F75E-4748-4F6F-A7AA-A23A8CE67A07}.Debug|Any CPU.Build.0 = Debug|Any CPU
		{2309F75E-4748-4F6F-A7AA-A23A8CE67A07}.Release|Any CPU.ActiveCfg = Release|Any CPU
		{2309F75E-4748-4F6F-A7AA-A23A8CE67A07}.Release|Any CPU.Build.0 = Release|Any CPU
		{19E852E0-5597-4679-B3C6-A5EB7A7B2623}.Debug|Any CPU.ActiveCfg = Debug|Any CPU
		{19E852E0-5597-4679-B3C6-A5EB7A7B2623}.Debug|Any CPU.Build.0 = Debug|Any CPU
		{19E852E0-5597-4679-B3C6-A5EB7A7B2623}.Release|Any CPU.ActiveCfg = Release|Any CPU
		{19E852E0-5597-4679-B3C6-A5EB7A7B2623}.Release|Any CPU.Build.0 = Release|Any CPU
		{7F12808F-5551-4FFB-8294-F9C450922804}.Debug|Any CPU.ActiveCfg = Debug|Any CPU
		{7F12808F-5551-4FFB-8294-F9C450922804}.Debug|Any CPU.Build.0 = Debug|Any CPU
		{7F12808F-5551-4FFB-8294-F9C450922804}.Release|Any CPU.ActiveCfg = Release|Any CPU
		{7F12808F-5551-4FFB-8294-F9C450922804}.Release|Any CPU.Build.0 = Release|Any CPU
	EndGlobalSection
	GlobalSection(SolutionProperties) = preSolution
		HideSolutionNode = FALSE
	EndGlobalSection
EndGlobal
